# This file is automatically @generated by Cargo.
# It is not intended for manual editing.
version = 4

[[package]]
name = "keva-accounts"
version = "0.1.0"

[[package]]
name = "keva-api"
version = "0.1.0"

[[package]]
name = "keva-catalog"
version = "0.1.0"

[[package]]
name = "keva-ledger"
version = "0.1.0"
